// !$*UTF8*$!
{
	archiveVersion = 1;
	classes = {
	};
	objectVersion = 77;
	objects = {

/* Begin PBXBuildFile section */
		3E375D6B2E658E7F00989A37 /* TapBar.swift in Sources */ = {isa = PBXBuildFile; fileRef = 3E375D682E658E7F00989A37 /* TapBar.swift */; };
		3E375D6C2E658E7F00989A37 /* RemoteAppApp.swift in Sources */ = {isa = PBXBuildFile; fileRef = 3E375D692E658E7F00989A37 /* RemoteAppApp.swift */; };
		3E375D6D2E658E7F00989A37 /* Assets.xcassets in Resources */ = {isa = PBXBuildFile; fileRef = 3E375D672E658E7F00989A37 /* Assets.xcassets */; };
		3E52E1632EB4E1290093ABB9 /* TVRemoteView.swift in Sources */ = {isa = PBXBuildFile; fileRef = 3E52E1622EB4E1290093ABB9 /* TVRemoteView.swift */; };
		3E52E1652EB4E1320093ABB9 /* AppsView.swift in Sources */ = {isa = PBXBuildFile; fileRef = 3E52E1642EB4E1320093ABB9 /* AppsView.swift */; };
		3E52E1672EB4E13F0093ABB9 /* InsightsView.swift in Sources */ = {isa = PBXBuildFile; fileRef = 3E52E1662EB4E13F0093ABB9 /* InsightsView.swift */; };
		3E52E1692EB4E14A0093ABB9 /* SettingsView.swift in Sources */ = {isa = PBXBuildFile; fileRef = 3E52E1682EB4E14A0093ABB9 /* SettingsView.swift */; };
/* End PBXBuildFile section */

/* Begin PBXFileReference section */
		3E375D592E658E7900989A37 /* RemoteForLg.app */ = {isa = PBXFileReference; explicitFileType = wrapper.application; includeInIndex = 0; path = RemoteForLg.app; sourceTree = BUILT_PRODUCTS_DIR; };
		3E375D672E658E7F00989A37 /* Assets.xcassets */ = {isa = PBXFileReference; lastKnownFileType = folder.assetcatalog; path = Assets.xcassets; sourceTree = "<group>"; };
		3E375D682E658E7F00989A37 /* TapBar.swift */ = {isa = PBXFileReference; lastKnownFileType = sourcecode.swift; path = TapBar.swift; sourceTree = "<group>"; };
		3E375D692E658E7F00989A37 /* RemoteAppApp.swift */ = {isa = PBXFileReference; lastKnownFileType = sourcecode.swift; path = RemoteAppApp.swift; sourceTree = "<group>"; };
		3E52E1622EB4E1290093ABB9 /* TVRemoteView.swift */ = {isa = PBXFileReference; lastKnownFileType = sourcecode.swift; path = TVRemoteView.swift; sourceTree = "<group>"; };
		3E52E1642EB4E1320093ABB9 /* AppsView.swift */ = {isa = PBXFileReference; lastKnownFileType = sourcecode.swift; path = AppsView.swift; sourceTree = "<group>"; };
		3E52E1662EB4E13F0093ABB9 /* InsightsView.swift */ = {isa = PBXFileReference; lastKnownFileType = sourcecode.swift; path = InsightsView.swift; sourceTree = "<group>"; };
		3E52E1682EB4E14A0093ABB9 /* SettingsView.swift */ = {isa = PBXFileReference; lastKnownFileType = sourcecode.swift; path = SettingsView.swift; sourceTree = "<group>"; };
/* End PBXFileReference section */

/* Begin PBXFrameworksBuildPhase section */
		3E375D562E658E7900989A37 /* Frameworks */ = {
			isa = PBXFrameworksBuildPhase;
			buildActionMask = 2147483647;
			files = (
			);
			runOnlyForDeploymentPostprocessing = 0;
		};
/* End PBXFrameworksBuildPhase section */

/* Begin PBXGroup section */
		3E375D502E658E7900989A37 = {
			isa = PBXGroup;
			children = (
				3E375D6A2E658E7F00989A37 /* MainFoldeer */,
				3E375D5A2E658E7900989A37 /* Products */,
			);
			sourceTree = "<group>";
		};
		3E375D5A2E658E7900989A37 /* Products */ = {
			isa = PBXGroup;
			children = (
				3E375D592E658E7900989A37 /* RemoteForLg.app */,
			);
			name = Products;
			sourceTree = "<group>";
		};
		3E375D6A2E658E7F00989A37 /* MainFoldeer */ = {
			isa = PBXGroup;
			children = (
				3E375D692E658E7F00989A37 /* RemoteAppApp.swift */,
				3E52E1602EB4D9080093ABB9 /* ViewModels */,
				3E52E15F2EB4D8FF0093ABB9 /* Views */,
				3E375D6F2E658EA700989A37 /* Support */,
			);
			path = MainFoldeer;
			sourceTree = "<group>";
		};
		3E375D6F2E658EA700989A37 /* Support */ = {
			isa = PBXGroup;
			children = (
				3E375D672E658E7F00989A37 /* Assets.xcassets */,
			);
			path = Support;
			sourceTree = "<group>";
		};
		3E52E15F2EB4D8FF0093ABB9 /* Views */ = {
			isa = PBXGroup;
			children = (
				3E375D682E658E7F00989A37 /* TapBar.swift */,
				3E52E1612EB4D93A0093ABB9 /* Start */,
				3E52E1622EB4E1290093ABB9 /* TVRemoteView.swift */,
				3E52E1642EB4E1320093ABB9 /* AppsView.swift */,
				3E52E1662EB4E13F0093ABB9 /* InsightsView.swift */,
				3E52E1682EB4E14A0093ABB9 /* SettingsView.swift */,
			);
			path = Views;
			sourceTree = "<group>";
		};
		3E52E1602EB4D9080093ABB9 /* ViewModels */ = {
			isa = PBXGroup;
			children = (
			);
			path = ViewModels;
			sourceTree = "<group>";
		};
		3E52E1612EB4D93A0093ABB9 /* Start */ = {
			isa = PBXGroup;
			children = (
			);
			path = Start;
			sourceTree = "<group>";
		};
/* End PBXGroup section */

/* Begin PBXNativeTarget section */
		3E375D582E658E7900989A37 /* RemoteForLg */ = {
			isa = PBXNativeTarget;
			buildConfigurationList = 3E375D642E658E7B00989A37 /* Build configuration list for PBXNativeTarget "RemoteForLg" */;
			buildPhases = (
				3E375D552E658E7900989A37 /* Sources */,
				3E375D562E658E7900989A37 /* Frameworks */,
				3E375D572E658E7900989A37 /* Resources */,
			);
			buildRules = (
			);
			dependencies = (
			);
			name = RemoteForLg;
			packageProductDependencies = (
			);
			productName = Whab;
			productReference = 3E375D592E658E7900989A37 /* RemoteForLg.app */;
			productType = "com.apple.product-type.application";
		};
/* End PBXNativeTarget section */

/* Begin PBXProject section */
		3E375D512E658E7900989A37 /* Project object */ = {
			isa = PBXProject;
			attributes = {
				BuildIndependentTargetsInParallel = 1;
				LastSwiftUpdateCheck = 1640;
				LastUpgradeCheck = 1640;
				TargetAttributes = {
					3E375D582E658E7900989A37 = {
						CreatedOnToolsVersion = 16.4;
					};
				};
			};
			buildConfigurationList = 3E375D542E658E7900989A37 /* Build configuration list for PBXProject "RemoteForLg" */;
			developmentRegion = en;
			hasScannedForEncodings = 0;
			knownRegions = (
				en,
				Base,
			);
			mainGroup = 3E375D502E658E7900989A37;
			minimizedProjectReferenceProxies = 1;
			preferredProjectObjectVersion = 77;
			productRefGroup = 3E375D5A2E658E7900989A37 /* Products */;
			projectDirPath = "";
			projectRoot = "";
			targets = (
				3E375D582E658E7900989A37 /* RemoteForLg */,
			);
		};
/* End PBXProject section */

/* Begin PBXResourcesBuildPhase section */
		3E375D572E658E7900989A37 /* Resources */ = {
			isa = PBXResourcesBuildPhase;
			buildActionMask = 2147483647;
			files = (
				3E375D6D2E658E7F00989A37 /* Assets.xcassets in Resources */,
			);
			runOnlyForDeploymentPostprocessing = 0;
		};
/* End PBXResourcesBuildPhase section */

/* Begin PBXSourcesBuildPhase section */
		3E375D552E658E7900989A37 /* Sources */ = {
			isa = PBXSourcesBuildPhase;
			buildActionMask = 2147483647;
			files = (
				3E375D6B2E658E7F00989A37 /* TapBar.swift in Sources */,
				3E52E1672EB4E13F0093ABB9 /* InsightsView.swift in Sources */,
				3E52E1652EB4E1320093ABB9 /* AppsView.swift in Sources */,
				3E52E1692EB4E14A0093ABB9 /* SettingsView.swift in Sources */,
				3E52E1632EB4E1290093ABB9 /* TVRemoteView.swift in Sources */,
				3E375D6C2E658E7F00989A37 /* RemoteAppApp.swift in Sources */,
			);
			runOnlyForDeploymentPostprocessing = 0;
		};
/* End PBXSourcesBuildPhase section */

/* Begin XCBuildConfiguration section */
		3E375D622E658E7B00989A37 /* Debug */ = {
			isa = XCBuildConfiguration;
			buildSettings = {
				ALWAYS_SEARCH_USER_PATHS = NO;
				ASSETCATALOG_COMPILER_GENERATE_SWIFT_ASSET_SYMBOL_EXTENSIONS = YES;
				CLANG_ANALYZER_NONNULL = YES;
				CLANG_ANALYZER_NUMBER_OBJECT_CONVERSION = YES_AGGRESSIVE;
				CLANG_CXX_LANGUAGE_STANDARD = "gnu++20";
				CLANG_ENABLE_MODULES = YES;
				CLANG_ENABLE_OBJC_ARC = YES;
				CLANG_ENABLE_OBJC_WEAK = YES;
				CLANG_WARN_BLOCK_CAPTURE_AUTORELEASING = YES;
				CLANG_WARN_BOOL_CONVERSION = YES;
				CLANG_WARN_COMMA = YES;
				CLANG_WARN_CONSTANT_CONVERSION = YES;
				CLANG_WARN_DEPRECATED_OBJC_IMPLEMENTATIONS = YES;
				CLANG_WARN_DIRECT_OBJC_ISA_USAGE = YES_ERROR;
				CLANG_WARN_DOCUMENTATION_COMMENTS = YES;
				CLANG_WARN_EMPTY_BODY = YES;
				CLANG_WARN_ENUM_CONVERSION = YES;
				CLANG_WARN_INFINITE_RECURSION = YES;
				CLANG_WARN_INT_CONVERSION = YES;
				CLANG_WARN_NON_LITERAL_NULL_CONVERSION = YES;
				CLANG_WARN_OBJC_IMPLICIT_RETAIN_SELF = YES;
				CLANG_WARN_OBJC_LITERAL_CONVERSION = YES;
				CLANG_WARN_OBJC_ROOT_CLASS = YES_ERROR;
				CLANG_WARN_QUOTED_INCLUDE_IN_FRAMEWORK_HEADER = YES;
				CLANG_WARN_RANGE_LOOP_ANALYSIS = YES;
				CLANG_WARN_STRICT_PROTOTYPES = YES;
				CLANG_WARN_SUSPICIOUS_MOVE = YES;
				CLANG_WARN_UNGUARDED_AVAILABILITY = YES_AGGRESSIVE;
				CLANG_WARN_UNREACHABLE_CODE = YES;
				CLANG_WARN__DUPLICATE_METHOD_MATCH = YES;
				COPY_PHASE_STRIP = NO;
				DEBUG_INFORMATION_FORMAT = dwarf;
				DEVELOPMENT_TEAM = 6WBSBWSNWN;
				ENABLE_STRICT_OBJC_MSGSEND = YES;
				ENABLE_TESTABILITY = YES;
				ENABLE_USER_SCRIPT_SANDBOXING = YES;
				GCC_C_LANGUAGE_STANDARD = gnu17;
				GCC_DYNAMIC_NO_PIC = NO;
				GCC_NO_COMMON_BLOCKS = YES;
				GCC_OPTIMIZATION_LEVEL = 0;
				GCC_PREPROCESSOR_DEFINITIONS = (
					"DEBUG=1",
					"$(inherited)",
				);
				GCC_WARN_64_TO_32_BIT_CONVERSION = YES;
				GCC_WARN_ABOUT_RETURN_TYPE = YES_ERROR;
				GCC_WARN_UNDECLARED_SELECTOR = YES;
				GCC_WARN_UNINITIALIZED_AUTOS = YES_AGGRESSIVE;
				GCC_WARN_UNUSED_FUNCTION = YES;
				GCC_WARN_UNUSED_VARIABLE = YES;
				IPHONEOS_DEPLOYMENT_TARGET = 18.5;
				LOCALIZATION_PREFERS_STRING_CATALOGS = YES;
				MTL_ENABLE_DEBUG_INFO = INCLUDE_SOURCE;
				MTL_FAST_MATH = YES;
				ONLY_ACTIVE_ARCH = YES;
				SDKROOT = iphoneos;
				SWIFT_ACTIVE_COMPILATION_CONDITIONS = "DEBUG $(inherited)";
				SWIFT_OPTIMIZATION_LEVEL = "-Onone";
			};
			name = Debug;
		};
		3E375D632E658E7B00989A37 /* Release */ = {
			isa = XCBuildConfiguration;
			buildSettings = {
				ALWAYS_SEARCH_USER_PATHS = NO;
				ASSETCATALOG_COMPILER_GENERATE_SWIFT_ASSET_SYMBOL_EXTENSIONS = YES;
				CLANG_ANALYZER_NONNULL = YES;
				CLANG_ANALYZER_NUMBER_OBJECT_CONVERSION = YES_AGGRESSIVE;
				CLANG_CXX_LANGUAGE_STANDARD = "gnu++20";
				CLANG_ENABLE_MODULES = YES;
				CLANG_ENABLE_OBJC_ARC = YES;
				CLANG_ENABLE_OBJC_WEAK = YES;
				CLANG_WARN_BLOCK_CAPTURE_AUTORELEASING = YES;
				CLANG_WARN_BOOL_CONVERSION = YES;
				CLANG_WARN_COMMA = YES;
				CLANG_WARN_CONSTANT_CONVERSION = YES;
				CLANG_WARN_DEPRECATED_OBJC_IMPLEMENTATIONS = YES;
				CLANG_WARN_DIRECT_OBJC_ISA_USAGE = YES_ERROR;
				CLANG_WARN_DOCUMENTATION_COMMENTS = YES;
				CLANG_WARN_EMPTY_BODY = YES;
				CLANG_WARN_ENUM_CONVERSION = YES;
				CLANG_WARN_INFINITE_RECURSION = YES;
				CLANG_WARN_INT_CONVERSION = YES;
				CLANG_WARN_NON_LITERAL_NULL_CONVERSION = YES;
				CLANG_WARN_OBJC_IMPLICIT_RETAIN_SELF = YES;
				CLANG_WARN_OBJC_LITERAL_CONVERSION = YES;
				CLANG_WARN_OBJC_ROOT_CLASS = YES_ERROR;
				CLANG_WARN_QUOTED_INCLUDE_IN_FRAMEWORK_HEADER = YES;
				CLANG_WARN_RANGE_LOOP_ANALYSIS = YES;
				CLANG_WARN_STRICT_PROTOTYPES = YES;
				CLANG_WARN_SUSPICIOUS_MOVE = YES;
				CLANG_WARN_UNGUARDED_AVAILABILITY = YES_AGGRESSIVE;
				CLANG_WARN_UNREACHABLE_CODE = YES;
				CLANG_WARN__DUPLICATE_METHOD_MATCH = YES;
				COPY_PHASE_STRIP = NO;
				DEBUG_INFORMATION_FORMAT = "dwarf-with-dsym";
				DEVELOPMENT_TEAM = 6WBSBWSNWN;
				ENABLE_NS_ASSERTIONS = NO;
				ENABLE_STRICT_OBJC_MSGSEND = YES;
				ENABLE_USER_SCRIPT_SANDBOXING = YES;
				GCC_C_LANGUAGE_STANDARD = gnu17;
				GCC_NO_COMMON_BLOCKS = YES;
				GCC_WARN_64_TO_32_BIT_CONVERSION = YES;
				GCC_WARN_ABOUT_RETURN_TYPE = YES_ERROR;
				GCC_WARN_UNDECLARED_SELECTOR = YES;
				GCC_WARN_UNINITIALIZED_AUTOS = YES_AGGRESSIVE;
				GCC_WARN_UNUSED_FUNCTION = YES;
				GCC_WARN_UNUSED_VARIABLE = YES;
				IPHONEOS_DEPLOYMENT_TARGET = 18.5;
				LOCALIZATION_PREFERS_STRING_CATALOGS = YES;
				MTL_ENABLE_DEBUG_INFO = NO;
				MTL_FAST_MATH = YES;
				SDKROOT = iphoneos;
				SWIFT_COMPILATION_MODE = wholemodule;
				VALIDATE_PRODUCT = YES;
			};
			name = Release;
		};
		3E375D652E658E7B00989A37 /* Debug */ = {
			isa = XCBuildConfiguration;
			buildSettings = {
				ASSETCATALOG_COMPILER_APPICON_NAME = AppIcon;
				ASSETCATALOG_COMPILER_GLOBAL_ACCENT_COLOR_NAME = AccentColor;
				CODE_SIGN_STYLE = Automatic;
				CURRENT_PROJECT_VERSION = 1;
				DEVELOPMENT_TEAM = 6WBSBWSNWN;
				ENABLE_PREVIEWS = YES;
				GENERATE_INFOPLIST_FILE = YES;
				INFOPLIST_KEY_UIApplicationSceneManifest_Generation = YES;
				INFOPLIST_KEY_UIApplicationSupportsIndirectInputEvents = YES;
				INFOPLIST_KEY_UILaunchScreen_Generation = YES;
				INFOPLIST_KEY_UISupportedInterfaceOrientations = UIInterfaceOrientationPortrait;
				INFOPLIST_KEY_UISupportedInterfaceOrientations_iPad = "UIInterfaceOrientationLandscapeLeft UIInterfaceOrientationLandscapeRight UIInterfaceOrientationPortrait UIInterfaceOrientationPortraitUpsideDown";
				IPHONEOS_DEPLOYMENT_TARGET = 16;
				LD_RUNPATH_SEARCH_PATHS = (
					"$(inherited)",
					"@executable_path/Frameworks",
				);
				MARKETING_VERSION = 1.0;
				PRODUCT_BUNDLE_IDENTIFIER = boytik.Whab;
				PRODUCT_NAME = "$(TARGET_NAME)";
				SUPPORTED_PLATFORMS = "iphoneos iphonesimulator";
				SUPPORTS_MACCATALYST = NO;
				SUPPORTS_MAC_DESIGNED_FOR_IPHONE_IPAD = NO;
				SUPPORTS_XR_DESIGNED_FOR_IPHONE_IPAD = NO;
				SWIFT_EMIT_LOC_STRINGS = YES;
				SWIFT_VERSION = 5.0;
				TARGETED_DEVICE_FAMILY = 1;
			};
			name = Debug;
		};
		3E375D662E658E7B00989A37 /* Release */ = {
			isa = XCBuildConfiguration;
			buildSettings = {
				ASSETCATALOG_COMPILER_APPICON_NAME = AppIcon;
				ASSETCATALOG_COMPILER_GLOBAL_ACCENT_COLOR_NAME = AccentColor;
				CODE_SIGN_STYLE = Automatic;
				CURRENT_PROJECT_VERSION = 1;
				DEVELOPMENT_TEAM = 6WBSBWSNWN;
				ENABLE_PREVIEWS = YES;
				GENERATE_INFOPLIST_FILE = YES;
				INFOPLIST_KEY_UIApplicationSceneManifest_Generation = YES;
				INFOPLIST_KEY_UIApplicationSupportsIndirectInputEvents = YES;
				INFOPLIST_KEY_UILaunchScreen_Generation = YES;
				INFOPLIST_KEY_UISupportedInterfaceOrientations = UIInterfaceOrientationPortrait;
				INFOPLIST_KEY_UISupportedInterfaceOrientations_iPad = "UIInterfaceOrientationLandscapeLeft UIInterfaceOrientationLandscapeRight UIInterfaceOrientationPortrait UIInterfaceOrientationPortraitUpsideDown";
				IPHONEOS_DEPLOYMENT_TARGET = 16;
				LD_RUNPATH_SEARCH_PATHS = (
					"$(inherited)",
					"@executable_path/Frameworks",
				);
				MARKETING_VERSION = 1.0;
				PRODUCT_BUNDLE_IDENTIFIER = boytik.Whab;
				PRODUCT_NAME = "$(TARGET_NAME)";
				SUPPORTED_PLATFORMS = "iphoneos iphonesimulator";
				SUPPORTS_MACCATALYST = NO;
				SUPPORTS_MAC_DESIGNED_FOR_IPHONE_IPAD = NO;
				SUPPORTS_XR_DESIGNED_FOR_IPHONE_IPAD = NO;
				SWIFT_EMIT_LOC_STRINGS = YES;
				SWIFT_VERSION = 5.0;
				TARGETED_DEVICE_FAMILY = 1;
			};
			name = Release;
		};
/* End XCBuildConfiguration section */

/* Begin XCConfigurationList section */
		3E375D542E658E7900989A37 /* Build configuration list for PBXProject "RemoteForLg" */ = {
			isa = XCConfigurationList;
			buildConfigurations = (
				3E375D622E658E7B00989A37 /* Debug */,
				3E375D632E658E7B00989A37 /* Release */,
			);
			defaultConfigurationIsVisible = 0;
			defaultConfigurationName = Release;
		};
		3E375D642E658E7B00989A37 /* Build configuration list for PBXNativeTarget "RemoteForLg" */ = {
			isa = XCConfigurationList;
			buildConfigurations = (
				3E375D652E658E7B00989A37 /* Debug */,
				3E375D662E658E7B00989A37 /* Release */,
			);
			defaultConfigurationIsVisible = 0;
			defaultConfigurationName = Release;
		};
/* End XCConfigurationList section */
	};
	rootObject = 3E375D512E658E7900989A37 /* Project object */;
}
